
Microsoft Visual Studio Solution File, Format Version 12.00
# Visual Studio Version 16
VisualStudioVersion = 16.0.29102.190
MinimumVisualStudioVersion = 10.0.40219.1
Project("{8BC9CEB8-8B4A-11D0-8D11-00A0C91BC942}") = "ev yapımı denmeler v2", "ev yapımı denmeler v2\ev yapımı denmeler v2.vcxproj", "{C4151A17-4E5B-480A-BB17-2C75F27CCA34}"
EndProject
Global
	GlobalSection(SolutionConfigurationPlatforms) = preSolution
		Debug|x64 = Debug|x64
		Debug|x86 = Debug|x86
		Release|x64 = Release|x64
		Release|x86 = Release|x86
	EndGlobalSection
	GlobalSection(ProjectConfigurationPlatforms) = postSolution
		{C4151A17-4E5B-480A-BB17-2C75F27CCA34}.Debug|x64.ActiveCfg = Debug|x64
		{C4151A17-4E5B-480A-BB17-2C75F27CCA34}.Debug|x64.Build.0 = Debug|x64
		{C4151A17-4E5B-480A-BB17-2C75F27CCA34}.Debug|x86.ActiveCfg = Debug|Win32
		{C4151A17-4E5B-480A-BB17-2C75F27CCA34}.Debug|x86.Build.0 = Debug|Win32
		{C4151A17-4E5B-480A-BB17-2C75F27CCA34}.Release|x64.ActiveCfg = Release|x64
		{C4151A17-4E5B-480A-BB17-2C75F27CCA34}.Release|x64.Build.0 = Release|x64
		{C4151A17-4E5B-480A-BB17-2C75F27CCA34}.Release|x86.ActiveCfg = Release|Win32
		{C4151A17-4E5B-480A-BB17-2C75F27CCA34}.Release|x86.Build.0 = Release|Win32
	EndGlobalSection
	GlobalSection(SolutionProperties) = preSolution
		HideSolutionNode = FALSE
	EndGlobalSection
	GlobalSection(ExtensibilityGlobals) = postSolution
		SolutionGuid = {12BC80D8-9E2E-4705-9041-C9C898534D59}
	EndGlobalSection
EndGlobal
